// !$*UTF8*$!
{
	archiveVersion = 1;
	classes = {
	};
	objectVersion = 77;
	objects = {

/* Begin PBXContainerItemProxy section */
		B4751DD12EC240DC00B4F8D8 /* PBXContainerItemProxy */ = {
			isa = PBXContainerItemProxy;
			containerPortal = B4751DBB2EC240DA00B4F8D8 /* Project object */;
			proxyType = 1;
			remoteGlobalIDString = B4751DC22EC240DA00B4F8D8;
			remoteInfo = "tool-ios-redirect_debugger";
		};
		B4751DDB2EC240DC00B4F8D8 /* PBXContainerItemProxy */ = {
			isa = PBXContainerItemProxy;
			containerPortal = B4751DBB2EC240DA00B4F8D8 /* Project object */;
			proxyType = 1;
			remoteGlobalIDString = B4751DC22EC240DA00B4F8D8;
			remoteInfo = "tool-ios-redirect_debugger";
		};
/* End PBXContainerItemProxy section */

/* Begin PBXFileReference section */
		B4751DC32EC240DA00B4F8D8 /* tool-ios-redirect_debugger.app */ = {isa = PBXFileReference; explicitFileType = wrapper.application; includeInIndex = 0; path = "tool-ios-redirect_debugger.app"; sourceTree = BUILT_PRODUCTS_DIR; };
		B4751DD02EC240DC00B4F8D8 /* tool-ios-redirect_debuggerTests.xctest */ = {isa = PBXFileReference; explicitFileType = wrapper.cfbundle; includeInIndex = 0; path = "tool-ios-redirect_debuggerTests.xctest"; sourceTree = BUILT_PRODUCTS_DIR; };
		B4751DDA2EC240DC00B4F8D8 /* tool-ios-redirect_debuggerUITests.xctest */ = {isa = PBXFileReference; explicitFileType = wrapper.cfbundle; includeInIndex = 0; path = "tool-ios-redirect_debuggerUITests.xctest"; sourceTree = BUILT_PRODUCTS_DIR; };
/* End PBXFileReference section */

/* Begin PBXFileSystemSynchronizedRootGroup section */
		B4751DC52EC240DA00B4F8D8 /* tool-ios-redirect_debugger */ = {
			isa = PBXFileSystemSynchronizedRootGroup;
			path = "tool-ios-redirect_debugger";
			sourceTree = "<group>";
		};
		B4751DD32EC240DC00B4F8D8 /* tool-ios-redirect_debuggerTests */ = {
			isa = PBXFileSystemSynchronizedRootGroup;
			path = "tool-ios-redirect_debuggerTests";
			sourceTree = "<group>";
		};
		B4751DDD2EC240DC00B4F8D8 /* tool-ios-redirect_debuggerUITests */ = {
			isa = PBXFileSystemSynchronizedRootGroup;
			path = "tool-ios-redirect_debuggerUITests";
			sourceTree = "<group>";
		};
/* End PBXFileSystemSynchronizedRootGroup section */

/* Begin PBXFrameworksBuildPhase section */
		B4751DC02EC240DA00B4F8D8 /* Frameworks */ = {
			isa = PBXFrameworksBuildPhase;
			buildActionMask = 2147483647;
			files = (
			);
			runOnlyForDeploymentPostprocessing = 0;
		};
		B4751DCD2EC240DC00B4F8D8 /* Frameworks */ = {
			isa = PBXFrameworksBuildPhase;
			buildActionMask = 2147483647;
			files = (
			);
			runOnlyForDeploymentPostprocessing = 0;
		};
		B4751DD72EC240DC00B4F8D8 /* Frameworks */ = {
			isa = PBXFrameworksBuildPhase;
			buildActionMask = 2147483647;
			files = (
			);
			runOnlyForDeploymentPostprocessing = 0;
		};
/* End PBXFrameworksBuildPhase section */

/* Begin PBXGroup section */
		B4751DBA2EC240DA00B4F8D8 = {
			isa = PBXGroup;
			children = (
				B4751DC52EC240DA00B4F8D8 /* tool-ios-redirect_debugger */,
				B4751DD32EC240DC00B4F8D8 /* tool-ios-redirect_debuggerTests */,
				B4751DDD2EC240DC00B4F8D8 /* tool-ios-redirect_debuggerUITests */,
				B4751DC42EC240DA00B4F8D8 /* Products */,
			);
			sourceTree = "<group>";
		};
		B4751DC42EC240DA00B4F8D8 /* Products */ = {
			isa = PBXGroup;
			children = (
				B4751DC32EC240DA00B4F8D8 /* tool-ios-redirect_debugger.app */,
				B4751DD02EC240DC00B4F8D8 /* tool-ios-redirect_debuggerTests.xctest */,
				B4751DDA2EC240DC00B4F8D8 /* tool-ios-redirect_debuggerUITests.xctest */,
			);
			name = Products;
			sourceTree = "<group>";
		};
/* End PBXGroup section */

/* Begin PBXNativeTarget section */
		B4751DC22EC240DA00B4F8D8 /* tool-ios-redirect_debugger */ = {
			isa = PBXNativeTarget;
			buildConfigurationList = B4751DE42EC240DC00B4F8D8 /* Build configuration list for PBXNativeTarget "tool-ios-redirect_debugger" */;
			buildPhases = (
				B4751DBF2EC240DA00B4F8D8 /* Sources */,
				B4751DC02EC240DA00B4F8D8 /* Frameworks */,
				B4751DC12EC240DA00B4F8D8 /* Resources */,
			);
			buildRules = (
			);
			dependencies = (
			);
			fileSystemSynchronizedGroups = (
				B4751DC52EC240DA00B4F8D8 /* tool-ios-redirect_debugger */,
			);
			name = "tool-ios-redirect_debugger";
			packageProductDependencies = (
			);
			productName = "tool-ios-redirect_debugger";
			productReference = B4751DC32EC240DA00B4F8D8 /* tool-ios-redirect_debugger.app */;
			productType = "com.apple.product-type.application";
		};
		B4751DCF2EC240DC00B4F8D8 /* tool-ios-redirect_debuggerTests */ = {
			isa = PBXNativeTarget;
			buildConfigurationList = B4751DE72EC240DC00B4F8D8 /* Build configuration list for PBXNativeTarget "tool-ios-redirect_debuggerTests" */;
			buildPhases = (
				B4751DCC2EC240DC00B4F8D8 /* Sources */,
				B4751DCD2EC240DC00B4F8D8 /* Frameworks */,
				B4751DCE2EC240DC00B4F8D8 /* Resources */,
			);
			buildRules = (
			);
			dependencies = (
				B4751DD22EC240DC00B4F8D8 /* PBXTargetDependency */,
			);
			fileSystemSynchronizedGroups = (
				B4751DD32EC240DC00B4F8D8 /* tool-ios-redirect_debuggerTests */,
			);
			name = "tool-ios-redirect_debuggerTests";
			packageProductDependencies = (
			);
			productName = "tool-ios-redirect_debuggerTests";
			productReference = B4751DD02EC240DC00B4F8D8 /* tool-ios-redirect_debuggerTests.xctest */;
			productType = "com.apple.product-type.bundle.unit-test";
		};
		B4751DD92EC240DC00B4F8D8 /* tool-ios-redirect_debuggerUITests */ = {
			isa = PBXNativeTarget;
			buildConfigurationList = B4751DEA2EC240DC00B4F8D8 /* Build configuration list for PBXNativeTarget "tool-ios-redirect_debuggerUITests" */;
			buildPhases = (
				B4751DD62EC240DC00B4F8D8 /* Sources */,
				B4751DD72EC240DC00B4F8D8 /* Frameworks */,
				B4751DD82EC240DC00B4F8D8 /* Resources */,
			);
			buildRules = (
			);
			dependencies = (
				B4751DDC2EC240DC00B4F8D8 /* PBXTargetDependency */,
			);
			fileSystemSynchronizedGroups = (
				B4751DDD2EC240DC00B4F8D8 /* tool-ios-redirect_debuggerUITests */,
			);
			name = "tool-ios-redirect_debuggerUITests";
			packageProductDependencies = (
			);
			productName = "tool-ios-redirect_debuggerUITests";
			productReference = B4751DDA2EC240DC00B4F8D8 /* tool-ios-redirect_debuggerUITests.xctest */;
			productType = "com.apple.product-type.bundle.ui-testing";
		};
/* End PBXNativeTarget section */

/* Begin PBXProject section */
		B4751DBB2EC240DA00B4F8D8 /* Project object */ = {
			isa = PBXProject;
			attributes = {
				BuildIndependentTargetsInParallel = 1;
				LastSwiftUpdateCheck = 2600;
				LastUpgradeCheck = 2600;
				TargetAttributes = {
					B4751DC22EC240DA00B4F8D8 = {
						CreatedOnToolsVersion = 26.0.1;
					};
					B4751DCF2EC240DC00B4F8D8 = {
						CreatedOnToolsVersion = 26.0.1;
						TestTargetID = B4751DC22EC240DA00B4F8D8;
					};
					B4751DD92EC240DC00B4F8D8 = {
						CreatedOnToolsVersion = 26.0.1;
						TestTargetID = B4751DC22EC240DA00B4F8D8;
					};
				};
			};
			buildConfigurationList = B4751DBE2EC240DA00B4F8D8 /* Build configuration list for PBXProject "tool-ios-redirect_debugger" */;
			developmentRegion = en;
			hasScannedForEncodings = 0;
			knownRegions = (
				en,
				Base,
			);
			mainGroup = B4751DBA2EC240DA00B4F8D8;
			minimizedProjectReferenceProxies = 1;
			preferredProjectObjectVersion = 77;
			productRefGroup = B4751DC42EC240DA00B4F8D8 /* Products */;
			projectDirPath = "";
			projectRoot = "";
			targets = (
				B4751DC22EC240DA00B4F8D8 /* tool-ios-redirect_debugger */,
				B4751DCF2EC240DC00B4F8D8 /* tool-ios-redirect_debuggerTests */,
				B4751DD92EC240DC00B4F8D8 /* tool-ios-redirect_debuggerUITests */,
			);
		};
/* End PBXProject section */

/* Begin PBXResourcesBuildPhase section */
		B4751DC12EC240DA00B4F8D8 /* Resources */ = {
			isa = PBXResourcesBuildPhase;
			buildActionMask = 2147483647;
			files = (
			);
			runOnlyForDeploymentPostprocessing = 0;
		};
		B4751DCE2EC240DC00B4F8D8 /* Resources */ = {
			isa = PBXResourcesBuildPhase;
			buildActionMask = 2147483647;
			files = (
			);
			runOnlyForDeploymentPostprocessing = 0;
		};
		B4751DD82EC240DC00B4F8D8 /* Resources */ = {
			isa = PBXResourcesBuildPhase;
			buildActionMask = 2147483647;
			files = (
			);
			runOnlyForDeploymentPostprocessing = 0;
		};
/* End PBXResourcesBuildPhase section */

/* Begin PBXSourcesBuildPhase section */
		B4751DBF2EC240DA00B4F8D8 /* Sources */ = {
			isa = PBXSourcesBuildPhase;
			buildActionMask = 2147483647;
			files = (
			);
			runOnlyForDeploymentPostprocessing = 0;
		};
		B4751DCC2EC240DC00B4F8D8 /* Sources */ = {
			isa = PBXSourcesBuildPhase;
			buildActionMask = 2147483647;
			files = (
			);
			runOnlyForDeploymentPostprocessing = 0;
		};
		B4751DD62EC240DC00B4F8D8 /* Sources */ = {
			isa = PBXSourcesBuildPhase;
			buildActionMask = 2147483647;
			files = (
			);
			runOnlyForDeploymentPostprocessing = 0;
		};
/* End PBXSourcesBuildPhase section */

/* Begin PBXTargetDependency section */
		B4751DD22EC240DC00B4F8D8 /* PBXTargetDependency */ = {
			isa = PBXTargetDependency;
			target = B4751DC22EC240DA00B4F8D8 /* tool-ios-redirect_debugger */;
			targetProxy = B4751DD12EC240DC00B4F8D8 /* PBXContainerItemProxy */;
		};
		B4751DDC2EC240DC00B4F8D8 /* PBXTargetDependency */ = {
			isa = PBXTargetDependency;
			target = B4751DC22EC240DA00B4F8D8 /* tool-ios-redirect_debugger */;
			targetProxy = B4751DDB2EC240DC00B4F8D8 /* PBXContainerItemProxy */;
		};
/* End PBXTargetDependency section */

/* Begin XCBuildConfiguration section */
		B4751DE22EC240DC00B4F8D8 /* Debug */ = {
			isa = XCBuildConfiguration;
			buildSettings = {
				ALWAYS_SEARCH_USER_PATHS = NO;
				ASSETCATALOG_COMPILER_GENERATE_SWIFT_ASSET_SYMBOL_EXTENSIONS = YES;
				CLANG_ANALYZER_NONNULL = YES;
				CLANG_ANALYZER_NUMBER_OBJECT_CONVERSION = YES_AGGRESSIVE;
				CLANG_CXX_LANGUAGE_STANDARD = "gnu++20";
				CLANG_ENABLE_MODULES = YES;
				CLANG_ENABLE_OBJC_ARC = YES;
				CLANG_ENABLE_OBJC_WEAK = YES;
				CLANG_WARN_BLOCK_CAPTURE_AUTORELEASING = YES;
				CLANG_WARN_BOOL_CONVERSION = YES;
				CLANG_WARN_COMMA = YES;
				CLANG_WARN_CONSTANT_CONVERSION = YES;
				CLANG_WARN_DEPRECATED_OBJC_IMPLEMENTATIONS = YES;
				CLANG_WARN_DIRECT_OBJC_ISA_USAGE = YES_ERROR;
				CLANG_WARN_DOCUMENTATION_COMMENTS = YES;
				CLANG_WARN_EMPTY_BODY = YES;
				CLANG_WARN_ENUM_CONVERSION = YES;
				CLANG_WARN_INFINITE_RECURSION = YES;
				CLANG_WARN_INT_CONVERSION = YES;
				CLANG_WARN_NON_LITERAL_NULL_CONVERSION = YES;
				CLANG_WARN_OBJC_IMPLICIT_RETAIN_SELF = YES;
				CLANG_WARN_OBJC_LITERAL_CONVERSION = YES;
				CLANG_WARN_OBJC_ROOT_CLASS = YES_ERROR;
				CLANG_WARN_QUOTED_INCLUDE_IN_FRAMEWORK_HEADER = YES;
				CLANG_WARN_RANGE_LOOP_ANALYSIS = YES;
				CLANG_WARN_STRICT_PROTOTYPES = YES;
				CLANG_WARN_SUSPICIOUS_MOVE = YES;
				CLANG_WARN_UNGUARDED_AVAILABILITY = YES_AGGRESSIVE;
				CLANG_WARN_UNREACHABLE_CODE = YES;
				CLANG_WARN__DUPLICATE_METHOD_MATCH = YES;
				COPY_PHASE_STRIP = NO;
				DEBUG_INFORMATION_FORMAT = dwarf;
				ENABLE_STRICT_OBJC_MSGSEND = YES;
				ENABLE_TESTABILITY = YES;
				ENABLE_USER_SCRIPT_SANDBOXING = YES;
				GCC_C_LANGUAGE_STANDARD = gnu17;
				GCC_DYNAMIC_NO_PIC = NO;
				GCC_NO_COMMON_BLOCKS = YES;
				GCC_OPTIMIZATION_LEVEL = 0;
				GCC_PREPROCESSOR_DEFINITIONS = (
					"DEBUG=1",
					"$(inherited)",
				);
				GCC_WARN_64_TO_32_BIT_CONVERSION = YES;
				GCC_WARN_ABOUT_RETURN_TYPE = YES_ERROR;
				GCC_WARN_UNDECLARED_SELECTOR = YES;
				GCC_WARN_UNINITIALIZED_AUTOS = YES_AGGRESSIVE;
				GCC_WARN_UNUSED_FUNCTION = YES;
				GCC_WARN_UNUSED_VARIABLE = YES;
				IPHONEOS_DEPLOYMENT_TARGET = 26.0;
				LOCALIZATION_PREFERS_STRING_CATALOGS = YES;
				MTL_ENABLE_DEBUG_INFO = INCLUDE_SOURCE;
				MTL_FAST_MATH = YES;
				ONLY_ACTIVE_ARCH = YES;
				SDKROOT = iphoneos;
				SWIFT_ACTIVE_COMPILATION_CONDITIONS = "DEBUG $(inherited)";
				SWIFT_OPTIMIZATION_LEVEL = "-Onone";
			};
			name = Debug;
		};
		B4751DE32EC240DC00B4F8D8 /* Release */ = {
			isa = XCBuildConfiguration;
			buildSettings = {
				ALWAYS_SEARCH_USER_PATHS = NO;
				ASSETCATALOG_COMPILER_GENERATE_SWIFT_ASSET_SYMBOL_EXTENSIONS = YES;
				CLANG_ANALYZER_NONNULL = YES;
				CLANG_ANALYZER_NUMBER_OBJECT_CONVERSION = YES_AGGRESSIVE;
				CLANG_CXX_LANGUAGE_STANDARD = "gnu++20";
				CLANG_ENABLE_MODULES = YES;
				CLANG_ENABLE_OBJC_ARC = YES;
				CLANG_ENABLE_OBJC_WEAK = YES;
				CLANG_WARN_BLOCK_CAPTURE_AUTORELEASING = YES;
				CLANG_WARN_BOOL_CONVERSION = YES;
				CLANG_WARN_COMMA = YES;
				CLANG_WARN_CONSTANT_CONVERSION = YES;
				CLANG_WARN_DEPRECATED_OBJC_IMPLEMENTATIONS = YES;
				CLANG_WARN_DIRECT_OBJC_ISA_USAGE = YES_ERROR;
				CLANG_WARN_DOCUMENTATION_COMMENTS = YES;
				CLANG_WARN_EMPTY_BODY = YES;
				CLANG_WARN_ENUM_CONVERSION = YES;
				CLANG_WARN_INFINITE_RECURSION = YES;
				CLANG_WARN_INT_CONVERSION = YES;
				CLANG_WARN_NON_LITERAL_NULL_CONVERSION = YES;
				CLANG_WARN_OBJC_IMPLICIT_RETAIN_SELF = YES;
				CLANG_WARN_OBJC_LITERAL_CONVERSION = YES;
				CLANG_WARN_OBJC_ROOT_CLASS = YES_ERROR;
				CLANG_WARN_QUOTED_INCLUDE_IN_FRAMEWORK_HEADER = YES;
				CLANG_WARN_RANGE_LOOP_ANALYSIS = YES;
				CLANG_WARN_STRICT_PROTOTYPES = YES;
				CLANG_WARN_SUSPICIOUS_MOVE = YES;
				CLANG_WARN_UNGUARDED_AVAILABILITY = YES_AGGRESSIVE;
				CLANG_WARN_UNREACHABLE_CODE = YES;
				CLANG_WARN__DUPLICATE_METHOD_MATCH = YES;
				COPY_PHASE_STRIP = NO;
				DEBUG_INFORMATION_FORMAT = "dwarf-with-dsym";
				ENABLE_NS_ASSERTIONS = NO;
				ENABLE_STRICT_OBJC_MSGSEND = YES;
				ENABLE_USER_SCRIPT_SANDBOXING = YES;
				GCC_C_LANGUAGE_STANDARD = gnu17;
				GCC_NO_COMMON_BLOCKS = YES;
				GCC_WARN_64_TO_32_BIT_CONVERSION = YES;
				GCC_WARN_ABOUT_RETURN_TYPE = YES_ERROR;
				GCC_WARN_UNDECLARED_SELECTOR = YES;
				GCC_WARN_UNINITIALIZED_AUTOS = YES_AGGRESSIVE;
				GCC_WARN_UNUSED_FUNCTION = YES;
				GCC_WARN_UNUSED_VARIABLE = YES;
				IPHONEOS_DEPLOYMENT_TARGET = 26.0;
				LOCALIZATION_PREFERS_STRING_CATALOGS = YES;
				MTL_ENABLE_DEBUG_INFO = NO;
				MTL_FAST_MATH = YES;
				SDKROOT = iphoneos;
				SWIFT_COMPILATION_MODE = wholemodule;
				VALIDATE_PRODUCT = YES;
			};
			name = Release;
		};
		B4751DE52EC240DC00B4F8D8 /* Debug */ = {
			isa = XCBuildConfiguration;
			buildSettings = {
				ASSETCATALOG_COMPILER_APPICON_NAME = AppIcon;
				ASSETCATALOG_COMPILER_GLOBAL_ACCENT_COLOR_NAME = AccentColor;
				CODE_SIGN_STYLE = Automatic;
				CURRENT_PROJECT_VERSION = 1;
				ENABLE_PREVIEWS = YES;
				GENERATE_INFOPLIST_FILE = YES;
				INFOPLIST_FILE = "tool-ios-redirect-debugger-Info.plist";
				INFOPLIST_KEY_LSApplicationCategoryType = "";
				INFOPLIST_KEY_UIApplicationSceneManifest_Generation = YES;
				INFOPLIST_KEY_UIApplicationSupportsIndirectInputEvents = YES;
				INFOPLIST_KEY_UILaunchScreen_Generation = YES;
				INFOPLIST_KEY_UISupportedInterfaceOrientations_iPad = "UIInterfaceOrientationPortrait UIInterfaceOrientationPortraitUpsideDown UIInterfaceOrientationLandscapeLeft UIInterfaceOrientationLandscapeRight";
				INFOPLIST_KEY_UISupportedInterfaceOrientations_iPhone = "UIInterfaceOrientationPortrait UIInterfaceOrientationLandscapeLeft UIInterfaceOrientationLandscapeRight";
				LD_RUNPATH_SEARCH_PATHS = (
					"$(inherited)",
					"@executable_path/Frameworks",
				);
				MARKETING_VERSION = 1.0;
				PRODUCT_BUNDLE_IDENTIFIER = "com.vonage.tool-ios-redirect-debugger";
				PRODUCT_NAME = "$(TARGET_NAME)";
				STRING_CATALOG_GENERATE_SYMBOLS = YES;
				SWIFT_APPROACHABLE_CONCURRENCY = YES;
				SWIFT_DEFAULT_ACTOR_ISOLATION = MainActor;
				SWIFT_EMIT_LOC_STRINGS = YES;
				SWIFT_UPCOMING_FEATURE_MEMBER_IMPORT_VISIBILITY = YES;
				SWIFT_VERSION = 5.0;
				TARGETED_DEVICE_FAMILY = "1,2";
			};
			name = Debug;
		};
		B4751DE62EC240DC00B4F8D8 /* Release */ = {
			isa = XCBuildConfiguration;
			buildSettings = {
				ASSETCATALOG_COMPILER_APPICON_NAME = AppIcon;
				ASSETCATALOG_COMPILER_GLOBAL_ACCENT_COLOR_NAME = AccentColor;
				CODE_SIGN_STYLE = Automatic;
				CURRENT_PROJECT_VERSION = 1;
				ENABLE_PREVIEWS = YES;
				GENERATE_INFOPLIST_FILE = YES;
				INFOPLIST_FILE = "tool-ios-redirect-debugger-Info.plist";
				INFOPLIST_KEY_LSApplicationCategoryType = "";
				INFOPLIST_KEY_UIApplicationSceneManifest_Generation = YES;
				INFOPLIST_KEY_UIApplicationSupportsIndirectInputEvents = YES;
				INFOPLIST_KEY_UILaunchScreen_Generation = YES;
				INFOPLIST_KEY_UISupportedInterfaceOrientations_iPad = "UIInterfaceOrientationPortrait UIInterfaceOrientationPortraitUpsideDown UIInterfaceOrientationLandscapeLeft UIInterfaceOrientationLandscapeRight";
				INFOPLIST_KEY_UISupportedInterfaceOrientations_iPhone = "UIInterfaceOrientationPortrait UIInterfaceOrientationLandscapeLeft UIInterfaceOrientationLandscapeRight";
				LD_RUNPATH_SEARCH_PATHS = (
					"$(inherited)",
					"@executable_path/Frameworks",
				);
				MARKETING_VERSION = 1.0;
				PRODUCT_BUNDLE_IDENTIFIER = "com.vonage.tool-ios-redirect-debugger";
				PRODUCT_NAME = "$(TARGET_NAME)";
				STRING_CATALOG_GENERATE_SYMBOLS = YES;
				SWIFT_APPROACHABLE_CONCURRENCY = YES;
				SWIFT_DEFAULT_ACTOR_ISOLATION = MainActor;
				SWIFT_EMIT_LOC_STRINGS = YES;
				SWIFT_UPCOMING_FEATURE_MEMBER_IMPORT_VISIBILITY = YES;
				SWIFT_VERSION = 5.0;
				TARGETED_DEVICE_FAMILY = "1,2";
			};
			name = Release;
		};
		B4751DE82EC240DC00B4F8D8 /* Debug */ = {
			isa = XCBuildConfiguration;
			buildSettings = {
				BUNDLE_LOADER = "$(TEST_HOST)";
				CODE_SIGN_STYLE = Automatic;
				CURRENT_PROJECT_VERSION = 1;
				GENERATE_INFOPLIST_FILE = YES;
				IPHONEOS_DEPLOYMENT_TARGET = 26.0;
				MARKETING_VERSION = 1.0;
				PRODUCT_BUNDLE_IDENTIFIER = "com.vonage.tool-ios-redirect-debuggerTests";
				PRODUCT_NAME = "$(TARGET_NAME)";
				STRING_CATALOG_GENERATE_SYMBOLS = NO;
				SWIFT_APPROACHABLE_CONCURRENCY = YES;
				SWIFT_EMIT_LOC_STRINGS = NO;
				SWIFT_UPCOMING_FEATURE_MEMBER_IMPORT_VISIBILITY = YES;
				SWIFT_VERSION = 5.0;
				TARGETED_DEVICE_FAMILY = "1,2";
				TEST_HOST = "$(BUILT_PRODUCTS_DIR)/tool-ios-redirect_debugger.app/$(BUNDLE_EXECUTABLE_FOLDER_PATH)/tool-ios-redirect_debugger";
			};
			name = Debug;
		};
		B4751DE92EC240DC00B4F8D8 /* Release */ = {
			isa = XCBuildConfiguration;
			buildSettings = {
				BUNDLE_LOADER = "$(TEST_HOST)";
				CODE_SIGN_STYLE = Automatic;
				CURRENT_PROJECT_VERSION = 1;
				GENERATE_INFOPLIST_FILE = YES;
				IPHONEOS_DEPLOYMENT_TARGET = 26.0;
				MARKETING_VERSION = 1.0;
				PRODUCT_BUNDLE_IDENTIFIER = "com.vonage.tool-ios-redirect-debuggerTests";
				PRODUCT_NAME = "$(TARGET_NAME)";
				STRING_CATALOG_GENERATE_SYMBOLS = NO;
				SWIFT_APPROACHABLE_CONCURRENCY = YES;
				SWIFT_EMIT_LOC_STRINGS = NO;
				SWIFT_UPCOMING_FEATURE_MEMBER_IMPORT_VISIBILITY = YES;
				SWIFT_VERSION = 5.0;
				TARGETED_DEVICE_FAMILY = "1,2";
				TEST_HOST = "$(BUILT_PRODUCTS_DIR)/tool-ios-redirect_debugger.app/$(BUNDLE_EXECUTABLE_FOLDER_PATH)/tool-ios-redirect_debugger";
			};
			name = Release;
		};
		B4751DEB2EC240DC00B4F8D8 /* Debug */ = {
			isa = XCBuildConfiguration;
			buildSettings = {
				CODE_SIGN_STYLE = Automatic;
				CURRENT_PROJECT_VERSION = 1;
				GENERATE_INFOPLIST_FILE = YES;
				MARKETING_VERSION = 1.0;
				PRODUCT_BUNDLE_IDENTIFIER = "com.vonage.tool-ios-redirect-debuggerUITests";
				PRODUCT_NAME = "$(TARGET_NAME)";
				STRING_CATALOG_GENERATE_SYMBOLS = NO;
				SWIFT_APPROACHABLE_CONCURRENCY = YES;
				SWIFT_EMIT_LOC_STRINGS = NO;
				SWIFT_UPCOMING_FEATURE_MEMBER_IMPORT_VISIBILITY = YES;
				SWIFT_VERSION = 5.0;
				TARGETED_DEVICE_FAMILY = "1,2";
				TEST_TARGET_NAME = "tool-ios-redirect_debugger";
			};
			name = Debug;
		};
		B4751DEC2EC240DC00B4F8D8 /* Release */ = {
			isa = XCBuildConfiguration;
			buildSettings = {
				CODE_SIGN_STYLE = Automatic;
				CURRENT_PROJECT_VERSION = 1;
				GENERATE_INFOPLIST_FILE = YES;
				MARKETING_VERSION = 1.0;
				PRODUCT_BUNDLE_IDENTIFIER = "com.vonage.tool-ios-redirect-debuggerUITests";
				PRODUCT_NAME = "$(TARGET_NAME)";
				STRING_CATALOG_GENERATE_SYMBOLS = NO;
				SWIFT_APPROACHABLE_CONCURRENCY = YES;
				SWIFT_EMIT_LOC_STRINGS = NO;
				SWIFT_UPCOMING_FEATURE_MEMBER_IMPORT_VISIBILITY = YES;
				SWIFT_VERSION = 5.0;
				TARGETED_DEVICE_FAMILY = "1,2";
				TEST_TARGET_NAME = "tool-ios-redirect_debugger";
			};
			name = Release;
		};
/* End XCBuildConfiguration section */

/* Begin XCConfigurationList section */
		B4751DBE2EC240DA00B4F8D8 /* Build configuration list for PBXProject "tool-ios-redirect_debugger" */ = {
			isa = XCConfigurationList;
			buildConfigurations = (
				B4751DE22EC240DC00B4F8D8 /* Debug */,
				B4751DE32EC240DC00B4F8D8 /* Release */,
			);
			defaultConfigurationIsVisible = 0;
			defaultConfigurationName = Release;
		};
		B4751DE42EC240DC00B4F8D8 /* Build configuration list for PBXNativeTarget "tool-ios-redirect_debugger" */ = {
			isa = XCConfigurationList;
			buildConfigurations = (
				B4751DE52EC240DC00B4F8D8 /* Debug */,
				B4751DE62EC240DC00B4F8D8 /* Release */,
			);
			defaultConfigurationIsVisible = 0;
			defaultConfigurationName = Release;
		};
		B4751DE72EC240DC00B4F8D8 /* Build configuration list for PBXNativeTarget "tool-ios-redirect_debuggerTests" */ = {
			isa = XCConfigurationList;
			buildConfigurations = (
				B4751DE82EC240DC00B4F8D8 /* Debug */,
				B4751DE92EC240DC00B4F8D8 /* Release */,
			);
			defaultConfigurationIsVisible = 0;
			defaultConfigurationName = Release;
		};
		B4751DEA2EC240DC00B4F8D8 /* Build configuration list for PBXNativeTarget "tool-ios-redirect_debuggerUITests" */ = {
			isa = XCConfigurationList;
			buildConfigurations = (
				B4751DEB2EC240DC00B4F8D8 /* Debug */,
				B4751DEC2EC240DC00B4F8D8 /* Release */,
			);
			defaultConfigurationIsVisible = 0;
			defaultConfigurationName = Release;
		};
/* End XCConfigurationList section */
	};
	rootObject = B4751DBB2EC240DA00B4F8D8 /* Project object */;
}
